{
  "name": "tractor",
  "version": "0",
  "lockfileVersion": 3,
  "requires": true,
  "packages": {
    "": {
      "name": "tractor",
      "version": "0",
      "license": "MIT",
      "dependencies": {
        "@parcel/watcher-linux-x64-glibc": "*"
      },
      "optionalDependencies": {
        "@parcel/watcher-linux-x64-glibc": "^2.4.2-alpha.0"
      }
    },
    "node_modules/@parcel/watcher-linux-x64-glibc": {
      "version": "2.4.2-alpha.0",
      "resolved": "https://registry.npmjs.org/@parcel/watcher-linux-x64-glibc/-/watcher-linux-x64-glibc-2.4.2-alpha.0.tgz",
      "integrity": "sha512-/WJJ3Y46ubwQW+Z+mzpzK3pvqn/AT7MA63NB0+k9GTLNxJQZNREensMtpJ/FJ+LVIiraEHTY22KQrsx9+DeNbw==",
      "cpu": [
        "x64"
      ],
      "optional": true,
      "os": [
        "linux"
      ],
      "engines": {
        "node": ">= 10.0.0"
      },
      "funding": {
        "type": "opencollective",
        "url": "https://opencollective.com/parcel"
      }
    }
  }
}
