# THIS IS AN AUTOGENERATED FILE. DO NOT EDIT THIS FILE DIRECTLY.
# yarn lockfile v1


"@parcel/watcher-linux-x64-glibc@^2.4.2-alpha.0":
  version "2.4.2-alpha.0"
  resolved "https://registry.npmjs.org/@parcel/watcher-linux-x64-glibc/-/watcher-linux-x64-glibc-2.4.2-alpha.0.tgz"
  integrity sha512-/WJJ3Y46ubwQW+Z+mzpzK3pvqn/AT7MA63NB0+k9GTLNxJQZNREensMtpJ/FJ+LVIiraEHTY22KQrsx9+DeNbw==
